<?xml version="1.0" encoding="utf-8"?>
<Project ToolsVersion="4.0" xmlns="http://schemas.microsoft.com/developer/msbuild/2003">
  <ItemGroup>
    <Filter Include="Source Files">
      <UniqueIdentifier>{4FC737F1-C7A5-4376-A066-2A32D752A2FF}</UniqueIdentifier>
      <Extensions>cpp;c;cc;cxx;def;odl;idl;hpj;bat;asm;asmx</Extensions>
    </Filter>
    <Filter Include="Header Files">
      <UniqueIdentifier>{93995380-89BD-4b04-88EB-625FBE52EBFB}</UniqueIdentifier>
      <Extensions>h;hh;hpp;hxx;hm;inl;inc;xsd</Extensions>
    </Filter>
    <Filter Include="Resource Files">
      <UniqueIdentifier>{67DA6AB6-F800-4c08-8B7A-83BB121AAD01}</UniqueIdentifier>
      <Extensions>rc;ico;cur;bmp;dlg;rc2;rct;bin;rgs;gif;jpg;jpeg;jpe;resx;tiff;tif;png;wav;mfcribbon-ms</Extensions>
    </Filter>
  </ItemGroup>
  <ItemGroup>
    <ClCompile Include="main.cpp">
      <Filter>Source Files</Filter>
    </ClCompile>
    <ClCompile Include="MenuGlowne.cpp">
      <Filter>Source Files</Filter>
    </ClCompile>
    <ClCompile Include="Dostawa1.cpp">
      <Filter>Source Files</Filter>
    </ClCompile>
    <ClCompile Include="Dostawa2.cpp">
      <Filter>Source Files</Filter>
    </ClCompile>
    <ClCompile Include="Przesuniecie1.cpp">
      <Filter>Source Files</Filter>
    </ClCompile>
    <ClCompile Include="Przesuniecie2.cpp">
      <Filter>Source Files</Filter>
    </ClCompile>
    <ClCompile Include="StrefaSkladowania.cpp">
      <Filter>Source Files</Filter>
    </ClCompile>
    <ClCompile Include="DataBaseConnector.cpp">
      <Filter>Source Files</Filter>
    </ClCompile>
    <ClCompile Include="MenuDostawa.cpp">
      <Filter>Source Files</Filter>
    </ClCompile>
    <ClCompile Include="Cecha.cpp">
      <Filter>Source Files</Filter>
    </ClCompile>
    <ClCompile Include="Dostawa.cpp">
      <Filter>Source Files</Filter>
    </ClCompile>
    <ClCompile Include="Kategoria.cpp">
      <Filter>Source Files</Filter>
    </ClCompile>
    <ClCompile Include="Klient.cpp">
      <Filter>Source Files</Filter>
    </ClCompile>
    <ClCompile Include="Regal.cpp">
      <Filter>Source Files</Filter>
    </ClCompile>
    <ClCompile Include="Towar.cpp">
      <Filter>Source Files</Filter>
    </ClCompile>
    <ClCompile Include="TowarCecha.cpp">
      <Filter>Source Files</Filter>
    </ClCompile>
    <ClCompile Include="Uzytkownik.cpp">
      <Filter>Source Files</Filter>
    </ClCompile>
    <ClCompile Include="Wydanie.cpp">
      <Filter>Source Files</Filter>
    </ClCompile>
    <ClCompile Include="Zasob.cpp">
      <Filter>Source Files</Filter>
    </ClCompile>
  </ItemGroup>
  <ItemGroup>
    <ClInclude Include="MenuGlowne.h">
      <Filter>Header Files</Filter>
    </ClInclude>
    <ClInclude Include="Dostawa1.h">
      <Filter>Header Files</Filter>
    </ClInclude>
    <ClInclude Include="Dostawa2.h">
      <Filter>Header Files</Filter>
    </ClInclude>
    <ClInclude Include="Przesuniecie1.h">
      <Filter>Header Files</Filter>
    </ClInclude>
    <ClInclude Include="Przesuniecie2.h">
      <Filter>Header Files</Filter>
    </ClInclude>
    <ClInclude Include="StrefaSkladowania.h">
      <Filter>Header Files</Filter>
    </ClInclude>
    <ClInclude Include="DataBaseConnector.h">
      <Filter>Header Files</Filter>
    </ClInclude>
    <ClInclude Include="MenuDostawa.h">
      <Filter>Header Files</Filter>
    </ClInclude>
    <ClInclude Include="Cecha.h">
      <Filter>Header Files</Filter>
    </ClInclude>
    <ClInclude Include="Dostawa.h">
      <Filter>Header Files</Filter>
    </ClInclude>
    <ClInclude Include="Kategoria.h">
      <Filter>Header Files</Filter>
    </ClInclude>
    <ClInclude Include="Klient.h">
      <Filter>Header Files</Filter>
    </ClInclude>
    <ClInclude Include="Regal.h">
      <Filter>Header Files</Filter>
    </ClInclude>
    <ClInclude Include="Towar.h">
      <Filter>Header Files</Filter>
    </ClInclude>
    <ClInclude Include="TowarCecha.h">
      <Filter>Header Files</Filter>
    </ClInclude>
    <ClInclude Include="Uzytkownik.h">
      <Filter>Header Files</Filter>
    </ClInclude>
    <ClInclude Include="Wydanie.h">
      <Filter>Header Files</Filter>
    </ClInclude>
    <ClInclude Include="Zasob.h">
      <Filter>Header Files</Filter>
    </ClInclude>
  </ItemGroup>
  <ItemGroup>
    <EmbeddedResource Include="Dostawa1.resx">
      <Filter>Resource Files</Filter>
    </EmbeddedResource>
    <EmbeddedResource Include="Dostawa2.resx">
      <Filter>Resource Files</Filter>
    </EmbeddedResource>
    <EmbeddedResource Include="MenuGlowne.resx">
      <Filter>Resource Files</Filter>
    </EmbeddedResource>
    <EmbeddedResource Include="Przesuniecie1.resx">
      <Filter>Resource Files</Filter>
    </EmbeddedResource>
    <EmbeddedResource Include="Przesuniecie2.resx">
      <Filter>Resource Files</Filter>
    </EmbeddedResource>
    <EmbeddedResource Include="MenuDostawa.resx">
      <Filter>Resource Files</Filter>
    </EmbeddedResource>
  </ItemGroup>
</Project>